
Microsoft Visual Studio Solution File, Format Version 12.00
# Visual Studio Version 17
VisualStudioVersion = 17.14.36429.23
MinimumVisualStudioVersion = 10.0.40219.1
Project("{FAE04EC0-301F-11D3-BF4B-00C04F79EFBC}") = "Ejercicio1", "EjerciciosWindowsForms\Ejercicio1.csproj", "{B1C3B343-4860-42C0-9C00-17F2955CBF9E}"
EndProject
Project("{FAE04EC0-301F-11D3-BF4B-00C04F79EFBC}") = "Ejercicio2", "Ejercicio2\Ejercicio2.csproj", "{1C44D64C-42F8-42AA-821B-A787882F4A07}"
EndProject
Project("{FAE04EC0-301F-11D3-BF4B-00C04F79EFBC}") = "Ejercicio3", "Ejercicio3\Ejercicio3.csproj", "{605450C8-4E2B-4A8E-A5C6-62C7F5070C3E}"
EndProject
Project("{FAE04EC0-301F-11D3-BF4B-00C04F79EFBC}") = "Ejercicio4", "Ejercicio4\Ejercicio4.csproj", "{443A35A4-31C3-45E9-B716-3673A1353F20}"
EndProject
Project("{FAE04EC0-301F-11D3-BF4B-00C04F79EFBC}") = "Ejercicio5", "Ejercicio5\Ejercicio5.csproj", "{C86A3A31-2C74-433B-BA1E-2EAB5CCAB167}"
EndProject
Global
	GlobalSection(SolutionConfigurationPlatforms) = preSolution
		Debug|Any CPU = Debug|Any CPU
		Release|Any CPU = Release|Any CPU
	EndGlobalSection
	GlobalSection(ProjectConfigurationPlatforms) = postSolution
		{B1C3B343-4860-42C0-9C00-17F2955CBF9E}.Debug|Any CPU.ActiveCfg = Debug|Any CPU
		{B1C3B343-4860-42C0-9C00-17F2955CBF9E}.Debug|Any CPU.Build.0 = Debug|Any CPU
		{B1C3B343-4860-42C0-9C00-17F2955CBF9E}.Release|Any CPU.ActiveCfg = Release|Any CPU
		{B1C3B343-4860-42C0-9C00-17F2955CBF9E}.Release|Any CPU.Build.0 = Release|Any CPU
		{1C44D64C-42F8-42AA-821B-A787882F4A07}.Debug|Any CPU.ActiveCfg = Debug|Any CPU
		{1C44D64C-42F8-42AA-821B-A787882F4A07}.Debug|Any CPU.Build.0 = Debug|Any CPU
		{1C44D64C-42F8-42AA-821B-A787882F4A07}.Release|Any CPU.ActiveCfg = Release|Any CPU
		{1C44D64C-42F8-42AA-821B-A787882F4A07}.Release|Any CPU.Build.0 = Release|Any CPU
		{605450C8-4E2B-4A8E-A5C6-62C7F5070C3E}.Debug|Any CPU.ActiveCfg = Debug|Any CPU
		{605450C8-4E2B-4A8E-A5C6-62C7F5070C3E}.Debug|Any CPU.Build.0 = Debug|Any CPU
		{605450C8-4E2B-4A8E-A5C6-62C7F5070C3E}.Release|Any CPU.ActiveCfg = Release|Any CPU
		{605450C8-4E2B-4A8E-A5C6-62C7F5070C3E}.Release|Any CPU.Build.0 = Release|Any CPU
		{443A35A4-31C3-45E9-B716-3673A1353F20}.Debug|Any CPU.ActiveCfg = Debug|Any CPU
		{443A35A4-31C3-45E9-B716-3673A1353F20}.Debug|Any CPU.Build.0 = Debug|Any CPU
		{443A35A4-31C3-45E9-B716-3673A1353F20}.Release|Any CPU.ActiveCfg = Release|Any CPU
		{443A35A4-31C3-45E9-B716-3673A1353F20}.Release|Any CPU.Build.0 = Release|Any CPU
		{C86A3A31-2C74-433B-BA1E-2EAB5CCAB167}.Debug|Any CPU.ActiveCfg = Debug|Any CPU
		{C86A3A31-2C74-433B-BA1E-2EAB5CCAB167}.Debug|Any CPU.Build.0 = Debug|Any CPU
		{C86A3A31-2C74-433B-BA1E-2EAB5CCAB167}.Release|Any CPU.ActiveCfg = Release|Any CPU
		{C86A3A31-2C74-433B-BA1E-2EAB5CCAB167}.Release|Any CPU.Build.0 = Release|Any CPU
	EndGlobalSection
	GlobalSection(SolutionProperties) = preSolution
		HideSolutionNode = FALSE
	EndGlobalSection
	GlobalSection(ExtensibilityGlobals) = postSolution
		SolutionGuid = {BA3D1C9A-9254-4712-8413-73BF5543F615}
	EndGlobalSection
EndGlobal
